
Microsoft Visual Studio Solution File, Format Version 12.00
# Visual Studio Version 16
VisualStudioVersion = 16.0.31729.503
MinimumVisualStudioVersion = 10.0.40219.1
Project("{FAE04EC0-301F-11D3-BF4B-00C04F79EFBC}") = "AssessedWeek4TaskB", "AssessedWeek4TaskB.csproj", "{53AF56C7-468D-4F1F-8AE8-39BFDC166A64}"
EndProject
Global
	GlobalSection(SolutionConfigurationPlatforms) = preSolution
		Debug|Any CPU = Debug|Any CPU
		Release|Any CPU = Release|Any CPU
	EndGlobalSection
	GlobalSection(ProjectConfigurationPlatforms) = postSolution
		{53AF56C7-468D-4F1F-8AE8-39BFDC166A64}.Debug|Any CPU.ActiveCfg = Debug|Any CPU
		{53AF56C7-468D-4F1F-8AE8-39BFDC166A64}.Debug|Any CPU.Build.0 = Debug|Any CPU
		{53AF56C7-468D-4F1F-8AE8-39BFDC166A64}.Release|Any CPU.ActiveCfg = Release|Any CPU
		{53AF56C7-468D-4F1F-8AE8-39BFDC166A64}.Release|Any CPU.Build.0 = Release|Any CPU
	EndGlobalSection
	GlobalSection(SolutionProperties) = preSolution
		HideSolutionNode = FALSE
	EndGlobalSection
	GlobalSection(ExtensibilityGlobals) = postSolution
		SolutionGuid = {459845B8-7056-498F-9CE8-19A04CB0364A}
	EndGlobalSection
EndGlobal
